
Microsoft Visual Studio Solution File, Format Version 12.00
# Visual Studio Version 16
VisualStudioVersion = 16.0.29215.179
MinimumVisualStudioVersion = 10.0.40219.1
Project("{9A19103F-16F7-4668-BE54-9A1E7A4F7556}") = "AccessibilityAutomation", "AccessibilityAutomation\AccessibilityAutomation.csproj", "{109AF0BE-B744-4D92-A794-001E74B43C15}"
EndProject
Global
	GlobalSection(SolutionConfigurationPlatforms) = preSolution
		Debug|Any CPU = Debug|Any CPU
		Release|Any CPU = Release|Any CPU
	EndGlobalSection
	GlobalSection(ProjectConfigurationPlatforms) = postSolution
		{109AF0BE-B744-4D92-A794-001E74B43C15}.Debug|Any CPU.ActiveCfg = Debug|Any CPU
		{109AF0BE-B744-4D92-A794-001E74B43C15}.Debug|Any CPU.Build.0 = Debug|Any CPU
		{109AF0BE-B744-4D92-A794-001E74B43C15}.Release|Any CPU.ActiveCfg = Release|Any CPU
		{109AF0BE-B744-4D92-A794-001E74B43C15}.Release|Any CPU.Build.0 = Release|Any CPU
	EndGlobalSection
	GlobalSection(SolutionProperties) = preSolution
		HideSolutionNode = FALSE
	EndGlobalSection
	GlobalSection(ExtensibilityGlobals) = postSolution
		SolutionGuid = {0FD49C10-96B2-4DD3-9E39-E981FF291500}
	EndGlobalSection
EndGlobal
